
Microsoft Visual Studio Solution File, Format Version 12.00
# Visual Studio Version 17
VisualStudioVersion = 17.11.35312.102
MinimumVisualStudioVersion = 10.0.40219.1
Project("{9A19103F-16F7-4668-BE54-9A1E7A4F7556}") = "Cointributors.Web", "Cointributors.Web\Cointributors.Web\Cointributors.Web.csproj", "{72F44782-A692-4BBE-B943-44FF2E69FA28}"
EndProject
Project("{9A19103F-16F7-4668-BE54-9A1E7A4F7556}") = "Cointributors.Web.Client", "Cointributors.Web\Cointributors.Web.Client\Cointributors.Web.Client.csproj", "{34CE7B71-D70A-465A-B0D6-70BE3CDD0643}"
EndProject
Project("{FAE04EC0-301F-11D3-BF4B-00C04F79EFBC}") = "Cointributors.AppHost", "Cointributors.AppHost\Cointributors.AppHost.csproj", "{0805EFF3-2417-4A31-9E52-759181B10F62}"
EndProject
Project("{9A19103F-16F7-4668-BE54-9A1E7A4F7556}") = "Cointributors.ServiceDefaults", "Cointributors.ServiceDefaults\Cointributors.ServiceDefaults.csproj", "{4DB5B773-48F4-40FF-9FD4-5BAFA5951F4E}"
EndProject
Global
	GlobalSection(SolutionConfigurationPlatforms) = preSolution
		Debug|Any CPU = Debug|Any CPU
		Release|Any CPU = Release|Any CPU
	EndGlobalSection
	GlobalSection(ProjectConfigurationPlatforms) = postSolution
		{72F44782-A692-4BBE-B943-44FF2E69FA28}.Debug|Any CPU.ActiveCfg = Debug|Any CPU
		{72F44782-A692-4BBE-B943-44FF2E69FA28}.Debug|Any CPU.Build.0 = Debug|Any CPU
		{72F44782-A692-4BBE-B943-44FF2E69FA28}.Release|Any CPU.ActiveCfg = Release|Any CPU
		{72F44782-A692-4BBE-B943-44FF2E69FA28}.Release|Any CPU.Build.0 = Release|Any CPU
		{34CE7B71-D70A-465A-B0D6-70BE3CDD0643}.Debug|Any CPU.ActiveCfg = Debug|Any CPU
		{34CE7B71-D70A-465A-B0D6-70BE3CDD0643}.Debug|Any CPU.Build.0 = Debug|Any CPU
		{34CE7B71-D70A-465A-B0D6-70BE3CDD0643}.Release|Any CPU.ActiveCfg = Release|Any CPU
		{34CE7B71-D70A-465A-B0D6-70BE3CDD0643}.Release|Any CPU.Build.0 = Release|Any CPU
		{0805EFF3-2417-4A31-9E52-759181B10F62}.Debug|Any CPU.ActiveCfg = Debug|Any CPU
		{0805EFF3-2417-4A31-9E52-759181B10F62}.Debug|Any CPU.Build.0 = Debug|Any CPU
		{0805EFF3-2417-4A31-9E52-759181B10F62}.Release|Any CPU.ActiveCfg = Release|Any CPU
		{0805EFF3-2417-4A31-9E52-759181B10F62}.Release|Any CPU.Build.0 = Release|Any CPU
		{4DB5B773-48F4-40FF-9FD4-5BAFA5951F4E}.Debug|Any CPU.ActiveCfg = Debug|Any CPU
		{4DB5B773-48F4-40FF-9FD4-5BAFA5951F4E}.Debug|Any CPU.Build.0 = Debug|Any CPU
		{4DB5B773-48F4-40FF-9FD4-5BAFA5951F4E}.Release|Any CPU.ActiveCfg = Release|Any CPU
		{4DB5B773-48F4-40FF-9FD4-5BAFA5951F4E}.Release|Any CPU.Build.0 = Release|Any CPU
	EndGlobalSection
	GlobalSection(SolutionProperties) = preSolution
		HideSolutionNode = FALSE
	EndGlobalSection
	GlobalSection(ExtensibilityGlobals) = postSolution
		SolutionGuid = {83B7819A-5D40-45F3-A26A-DDA863810B09}
	EndGlobalSection
EndGlobal
